<?xml version="1.0" encoding="utf-8"?>
<Project ToolsVersion="4.0" xmlns="http://schemas.microsoft.com/developer/msbuild/2003">
  <ItemGroup>
    <Filter Include="Poblano">
      <UniqueIdentifier>{107D091C-7C5C-88B7-8574-138EF1D2EE18}</UniqueIdentifier>
    </Filter>
  </ItemGroup>
  <ItemGroup>
    <ClInclude Include="src\Poblano.h" />
    <ClInclude Include="src\Poblano\App.h">
      <Filter>Poblano</Filter>
    </ClInclude>
    <ClInclude Include="src\Poblano\Core.h">
      <Filter>Poblano</Filter>
    </ClInclude>
    <ClInclude Include="src\Poblano\EntryPoint.h">
      <Filter>Poblano</Filter>
    </ClInclude>
    <ClInclude Include="src\Poblano\Log.h">
      <Filter>Poblano</Filter>
    </ClInclude>
  </ItemGroup>
  <ItemGroup>
    <ClCompile Include="src\Poblano\App.cpp">
      <Filter>Poblano</Filter>
    </ClCompile>
    <ClCompile Include="src\Poblano\Log.cpp">
      <Filter>Poblano</Filter>
    </ClCompile>
  </ItemGroup>
</Project>